# Generated by buf. DO NOT EDIT.
version: v1
deps:
  - remote: buf.build
    owner: bufbuild
    repository: protovalidate
    commit: 50325440f8f24053b047484a6bf60b76
    digest: shake256:32560c4bbc1689fcb893d4ea6c26a9c600300c3c7691abdadbbaa9348e16061c9e74dce96ac296fe561b1abb56ca4b5976619a1f0038981d876da7bc02e3c385
